# @generated - this file is auto-generated by `mise lock` https://mise-en.dev/dev-tools/mise-lock.html

[[tools.pandoc]]
version = "3.10.1"
backend = "github:jgm/pandoc"

[tools.pandoc."platforms.linux-arm64"]
checksum = "sha256:cd3963da375793a4804c65ae538b4f7b9c23f87cac7f6c74a1cf5e2fff7e8d59"
url = "https://github.com/jgm/pandoc/releases/download/3.10.1/pandoc-3.10.1-linux-arm64.tar.gz"
url_api = "https://api.github.com/repos/jgm/pandoc/releases/assets/486227617"
provenance = "github-attestations"

[tools.pandoc."platforms.macos-arm64"]
checksum = "sha256:8607160694a70ed9aa63776caa44acef3afb729c379c7c283724b7e27455bfda"
url = "https://github.com/jgm/pandoc/releases/download/3.10.1/pandoc-3.10.1-arm64-macOS.zip"
url_api = "https://api.github.com/repos/jgm/pandoc/releases/assets/486227385"
provenance = "github-attestations"
provenance_verified = true

[[tools.node]]
version = "24.14.0"
backend = "core:node"
specifiers = ["lts"]

[tools.node."platforms.linux-arm64"]
checksum = "sha256:f44740cd218de8127f1c44c41510a3a740fa5c9c8d1cdce1c3bedada79f3cde7"
url = "https://nodejs.org/dist/v24.14.0/node-v24.14.0-linux-arm64.tar.gz"

[tools.node."platforms.macos-arm64"]
checksum = "sha256:a1a54f46a750d2523d628d924aab61758a51c9dad3e0238beb14141be9615dd3"
url = "https://nodejs.org/dist/v24.14.0/node-v24.14.0-darwin-arm64.tar.gz"
